
Microsoft Visual Studio Solution File, Format Version 12.00
# Visual Studio Version 17
VisualStudioVersion = 17.14.36511.14
MinimumVisualStudioVersion = 10.0.40219.1
Project("{FAE04EC0-301F-11D3-BF4B-00C04F79EFBC}") = "_CMCS", "_CMCS.csproj", "{B1098543-53BC-4AC9-BE69-996BED91A757}"
EndProject
Global
	GlobalSection(SolutionConfigurationPlatforms) = preSolution
		Debug|Any CPU = Debug|Any CPU
		Release|Any CPU = Release|Any CPU
	EndGlobalSection
	GlobalSection(ProjectConfigurationPlatforms) = postSolution
		{B1098543-53BC-4AC9-BE69-996BED91A757}.Debug|Any CPU.ActiveCfg = Debug|Any CPU
		{B1098543-53BC-4AC9-BE69-996BED91A757}.Debug|Any CPU.Build.0 = Debug|Any CPU
		{B1098543-53BC-4AC9-BE69-996BED91A757}.Release|Any CPU.ActiveCfg = Release|Any CPU
		{B1098543-53BC-4AC9-BE69-996BED91A757}.Release|Any CPU.Build.0 = Release|Any CPU
	EndGlobalSection
	GlobalSection(SolutionProperties) = preSolution
		HideSolutionNode = FALSE
	EndGlobalSection
	GlobalSection(ExtensibilityGlobals) = postSolution
		SolutionGuid = {3B236DF8-F6D1-4F27-A5C2-319B62688A8E}
	EndGlobalSection
EndGlobal
